// !$*UTF8*$!
{
	archiveVersion = 1;
	classes = {
	};
	objectVersion = 56;
	objects = {

/* Begin PBXBuildFile section */
		195662CC2BC3833C0092B4E0 /* AppDelegate.swift in Sources */ = {isa = PBXBuildFile; fileRef = 195662CB2BC3833C0092B4E0 /* AppDelegate.swift */; };
		195662CE2BC3833C0092B4E0 /* SceneDelegate.swift in Sources */ = {isa = PBXBuildFile; fileRef = 195662CD2BC3833C0092B4E0 /* SceneDelegate.swift */; };
		195662D02BC3833C0092B4E0 /* ViewController.swift in Sources */ = {isa = PBXBuildFile; fileRef = 195662CF2BC3833C0092B4E0 /* ViewController.swift */; };
		195662D32BC3833C0092B4E0 /* Base in Resources */ = {isa = PBXBuildFile; fileRef = 195662D22BC3833C0092B4E0 /* Base */; };
		195662D52BC3833E0092B4E0 /* Assets.xcassets in Resources */ = {isa = PBXBuildFile; fileRef = 195662D42BC3833E0092B4E0 /* Assets.xcassets */; };
		195662D82BC3833E0092B4E0 /* Base in Resources */ = {isa = PBXBuildFile; fileRef = 195662D72BC3833E0092B4E0 /* Base */; };
		1979BAC72BC3936B009D8269 /* Kingfisher in Frameworks */ = {isa = PBXBuildFile; productRef = 1979BAC62BC3936B009D8269 /* Kingfisher */; };
		1979BACA2BC39373009D8269 /* Alamofire in Frameworks */ = {isa = PBXBuildFile; productRef = 1979BAC92BC39373009D8269 /* Alamofire */; };
		1979BACC2BC39373009D8269 /* AlamofireDynamic in Frameworks */ = {isa = PBXBuildFile; productRef = 1979BACB2BC39373009D8269 /* AlamofireDynamic */; };
		1996CE912BC3D6D300BB6571 /* TMapSDK.framework in Frameworks */ = {isa = PBXBuildFile; fileRef = 1996CE8F2BC3D6CD00BB6571 /* TMapSDK.framework */; };
		1996CE922BC3D6D300BB6571 /* TMapSDK.framework in Embed Frameworks */ = {isa = PBXBuildFile; fileRef = 1996CE8F2BC3D6CD00BB6571 /* TMapSDK.framework */; settings = {ATTRIBUTES = (CodeSignOnCopy, RemoveHeadersOnCopy, ); }; };
/* End PBXBuildFile section */

/* Begin PBXCopyFilesBuildPhase section */
		1979BB0D2BC39855009D8269 /* Embed Frameworks */ = {
			isa = PBXCopyFilesBuildPhase;
			buildActionMask = 2147483647;
			dstPath = "";
			dstSubfolderSpec = 10;
			files = (
				1996CE922BC3D6D300BB6571 /* TMapSDK.framework in Embed Frameworks */,
			);
			name = "Embed Frameworks";
			runOnlyForDeploymentPostprocessing = 0;
		};
/* End PBXCopyFilesBuildPhase section */

/* Begin PBXFileReference section */
		195662CB2BC3833C0092B4E0 /* AppDelegate.swift */ = {isa = PBXFileReference; lastKnownFileType = sourcecode.swift; path = AppDelegate.swift; sourceTree = "<group>"; };
		195662CD2BC3833C0092B4E0 /* SceneDelegate.swift */ = {isa = PBXFileReference; lastKnownFileType = sourcecode.swift; path = SceneDelegate.swift; sourceTree = "<group>"; };
		195662CF2BC3833C0092B4E0 /* ViewController.swift */ = {isa = PBXFileReference; lastKnownFileType = sourcecode.swift; path = ViewController.swift; sourceTree = "<group>"; };
		195662D22BC3833C0092B4E0 /* Base */ = {isa = PBXFileReference; lastKnownFileType = file.storyboard; name = Base; path = Base.lproj/Main.storyboard; sourceTree = "<group>"; };
		195662D42BC3833E0092B4E0 /* Assets.xcassets */ = {isa = PBXFileReference; lastKnownFileType = folder.assetcatalog; path = Assets.xcassets; sourceTree = "<group>"; };
		195662D72BC3833E0092B4E0 /* Base */ = {isa = PBXFileReference; lastKnownFileType = file.storyboard; name = Base; path = Base.lproj/LaunchScreen.storyboard; sourceTree = "<group>"; };
		195662D92BC3833E0092B4E0 /* Info.plist */ = {isa = PBXFileReference; lastKnownFileType = text.plist.xml; path = Info.plist; sourceTree = "<group>"; };
		1979BB102BC398EE009D8269 /* BoongBoong.app */ = {isa = PBXFileReference; explicitFileType = wrapper.application; includeInIndex = 0; path = BoongBoong.app; sourceTree = BUILT_PRODUCTS_DIR; };
		1996CE8F2BC3D6CD00BB6571 /* TMapSDK.framework */ = {isa = PBXFileReference; lastKnownFileType = wrapper.framework; path = TMapSDK.framework; sourceTree = "<group>"; };
		1996CE942BC3E39000BB6571 /* Config.xcconfig */ = {isa = PBXFileReference; lastKnownFileType = text.xcconfig; path = Config.xcconfig; sourceTree = "<group>"; };
/* End PBXFileReference section */

/* Begin PBXFrameworksBuildPhase section */
		195662C52BC3833C0092B4E0 /* Frameworks */ = {
			isa = PBXFrameworksBuildPhase;
			buildActionMask = 2147483647;
			files = (
				1979BAC72BC3936B009D8269 /* Kingfisher in Frameworks */,
				1996CE912BC3D6D300BB6571 /* TMapSDK.framework in Frameworks */,
				1979BACC2BC39373009D8269 /* AlamofireDynamic in Frameworks */,
				1979BACA2BC39373009D8269 /* Alamofire in Frameworks */,
			);
			runOnlyForDeploymentPostprocessing = 0;
		};
/* End PBXFrameworksBuildPhase section */

/* Begin PBXGroup section */
		195662BF2BC3833C0092B4E0 = {
			isa = PBXGroup;
			children = (
				1996CE942BC3E39000BB6571 /* Config.xcconfig */,
				195662CA2BC3833C0092B4E0 /* BoongBoong */,
				1979BB102BC398EE009D8269 /* BoongBoong.app */,
			);
			sourceTree = "<group>";
		};
		195662CA2BC3833C0092B4E0 /* BoongBoong */ = {
			isa = PBXGroup;
			children = (
				195662CB2BC3833C0092B4E0 /* AppDelegate.swift */,
				195662CD2BC3833C0092B4E0 /* SceneDelegate.swift */,
				195662CF2BC3833C0092B4E0 /* ViewController.swift */,
				195662D12BC3833C0092B4E0 /* Main.storyboard */,
				195662D42BC3833E0092B4E0 /* Assets.xcassets */,
				195662D62BC3833E0092B4E0 /* LaunchScreen.storyboard */,
				195662D92BC3833E0092B4E0 /* Info.plist */,
				1996CE8F2BC3D6CD00BB6571 /* TMapSDK.framework */,
			);
			path = BoongBoong;
			sourceTree = "<group>";
		};
/* End PBXGroup section */

/* Begin PBXNativeTarget section */
		195662C72BC3833C0092B4E0 /* BoongBoong */ = {
			isa = PBXNativeTarget;
			buildConfigurationList = 195662DC2BC3833E0092B4E0 /* Build configuration list for PBXNativeTarget "BoongBoong" */;
			buildPhases = (
				195662C42BC3833C0092B4E0 /* Sources */,
				195662C52BC3833C0092B4E0 /* Frameworks */,
				195662C62BC3833C0092B4E0 /* Resources */,
				1979BB0D2BC39855009D8269 /* Embed Frameworks */,
			);
			buildRules = (
			);
			dependencies = (
			);
			name = BoongBoong;
			packageProductDependencies = (
				1979BAC62BC3936B009D8269 /* Kingfisher */,
				1979BAC92BC39373009D8269 /* Alamofire */,
				1979BACB2BC39373009D8269 /* AlamofireDynamic */,
			);
			productName = BoongBoong;
			productReference = 1979BB102BC398EE009D8269 /* BoongBoong.app */;
			productType = "com.apple.product-type.application";
		};
/* End PBXNativeTarget section */

/* Begin PBXProject section */
		195662C02BC3833C0092B4E0 /* Project object */ = {
			isa = PBXProject;
			attributes = {
				BuildIndependentTargetsInParallel = 1;
				LastSwiftUpdateCheck = 1530;
				LastUpgradeCheck = 1530;
				TargetAttributes = {
					195662C72BC3833C0092B4E0 = {
						CreatedOnToolsVersion = 15.3;
					};
				};
			};
			buildConfigurationList = 195662C32BC3833C0092B4E0 /* Build configuration list for PBXProject "BoongBoong" */;
			compatibilityVersion = "Xcode 14.0";
			developmentRegion = en;
			hasScannedForEncodings = 0;
			knownRegions = (
				en,
				Base,
			);
			mainGroup = 195662BF2BC3833C0092B4E0;
			packageReferences = (
				1979BAC52BC3936B009D8269 /* XCRemoteSwiftPackageReference "Kingfisher" */,
				1979BAC82BC39373009D8269 /* XCRemoteSwiftPackageReference "Alamofire" */,
			);
			productRefGroup = 195662BF2BC3833C0092B4E0;
			projectDirPath = "";
			projectRoot = "";
			targets = (
				195662C72BC3833C0092B4E0 /* BoongBoong */,
			);
		};
/* End PBXProject section */

/* Begin PBXResourcesBuildPhase section */
		195662C62BC3833C0092B4E0 /* Resources */ = {
			isa = PBXResourcesBuildPhase;
			buildActionMask = 2147483647;
			files = (
				195662D52BC3833E0092B4E0 /* Assets.xcassets in Resources */,
				195662D82BC3833E0092B4E0 /* Base in Resources */,
				195662D32BC3833C0092B4E0 /* Base in Resources */,
			);
			runOnlyForDeploymentPostprocessing = 0;
		};
/* End PBXResourcesBuildPhase section */

/* Begin PBXSourcesBuildPhase section */
		195662C42BC3833C0092B4E0 /* Sources */ = {
			isa = PBXSourcesBuildPhase;
			buildActionMask = 2147483647;
			files = (
				195662D02BC3833C0092B4E0 /* ViewController.swift in Sources */,
				195662CC2BC3833C0092B4E0 /* AppDelegate.swift in Sources */,
				195662CE2BC3833C0092B4E0 /* SceneDelegate.swift in Sources */,
			);
			runOnlyForDeploymentPostprocessing = 0;
		};
/* End PBXSourcesBuildPhase section */

/* Begin PBXVariantGroup section */
		195662D12BC3833C0092B4E0 /* Main.storyboard */ = {
			isa = PBXVariantGroup;
			children = (
				195662D22BC3833C0092B4E0 /* Base */,
			);
			name = Main.storyboard;
			sourceTree = "<group>";
		};
		195662D62BC3833E0092B4E0 /* LaunchScreen.storyboard */ = {
			isa = PBXVariantGroup;
			children = (
				195662D72BC3833E0092B4E0 /* Base */,
			);
			name = LaunchScreen.storyboard;
			sourceTree = "<group>";
		};
/* End PBXVariantGroup section */

/* Begin XCBuildConfiguration section */
		195662DA2BC3833E0092B4E0 /* Debug */ = {
			isa = XCBuildConfiguration;
			buildSettings = {
				ALWAYS_SEARCH_USER_PATHS = NO;
				ASSETCATALOG_COMPILER_GENERATE_SWIFT_ASSET_SYMBOL_EXTENSIONS = YES;
				CLANG_ANALYZER_NONNULL = YES;
				CLANG_ANALYZER_NUMBER_OBJECT_CONVERSION = YES_AGGRESSIVE;
				CLANG_CXX_LANGUAGE_STANDARD = "gnu++20";
				CLANG_ENABLE_MODULES = YES;
				CLANG_ENABLE_OBJC_ARC = YES;
				CLANG_ENABLE_OBJC_WEAK = YES;
				CLANG_WARN_BLOCK_CAPTURE_AUTORELEASING = YES;
				CLANG_WARN_BOOL_CONVERSION = YES;
				CLANG_WARN_COMMA = YES;
				CLANG_WARN_CONSTANT_CONVERSION = YES;
				CLANG_WARN_DEPRECATED_OBJC_IMPLEMENTATIONS = YES;
				CLANG_WARN_DIRECT_OBJC_ISA_USAGE = YES_ERROR;
				CLANG_WARN_DOCUMENTATION_COMMENTS = YES;
				CLANG_WARN_EMPTY_BODY = YES;
				CLANG_WARN_ENUM_CONVERSION = YES;
				CLANG_WARN_INFINITE_RECURSION = YES;
				CLANG_WARN_INT_CONVERSION = YES;
				CLANG_WARN_NON_LITERAL_NULL_CONVERSION = YES;
				CLANG_WARN_OBJC_IMPLICIT_RETAIN_SELF = YES;
				CLANG_WARN_OBJC_LITERAL_CONVERSION = YES;
				CLANG_WARN_OBJC_ROOT_CLASS = YES_ERROR;
				CLANG_WARN_QUOTED_INCLUDE_IN_FRAMEWORK_HEADER = YES;
				CLANG_WARN_RANGE_LOOP_ANALYSIS = YES;
				CLANG_WARN_STRICT_PROTOTYPES = YES;
				CLANG_WARN_SUSPICIOUS_MOVE = YES;
				CLANG_WARN_UNGUARDED_AVAILABILITY = YES_AGGRESSIVE;
				CLANG_WARN_UNREACHABLE_CODE = YES;
				CLANG_WARN__DUPLICATE_METHOD_MATCH = YES;
				COPY_PHASE_STRIP = NO;
				DEBUG_INFORMATION_FORMAT = dwarf;
				ENABLE_STRICT_OBJC_MSGSEND = YES;
				ENABLE_TESTABILITY = YES;
				ENABLE_USER_SCRIPT_SANDBOXING = YES;
				EXCLUDED_ARCHS = arm64;
				GCC_C_LANGUAGE_STANDARD = gnu17;
				GCC_DYNAMIC_NO_PIC = NO;
				GCC_NO_COMMON_BLOCKS = YES;
				GCC_OPTIMIZATION_LEVEL = 0;
				GCC_PREPROCESSOR_DEFINITIONS = (
					"DEBUG=1",
					"$(inherited)",
				);
				GCC_WARN_64_TO_32_BIT_CONVERSION = YES;
				GCC_WARN_ABOUT_RETURN_TYPE = YES_ERROR;
				GCC_WARN_UNDECLARED_SELECTOR = YES;
				GCC_WARN_UNINITIALIZED_AUTOS = YES_AGGRESSIVE;
				GCC_WARN_UNUSED_FUNCTION = YES;
				GCC_WARN_UNUSED_VARIABLE = YES;
				IPHONEOS_DEPLOYMENT_TARGET = 17.0;
				LOCALIZATION_PREFERS_STRING_CATALOGS = YES;
				MTL_ENABLE_DEBUG_INFO = INCLUDE_SOURCE;
				MTL_FAST_MATH = YES;
				ONLY_ACTIVE_ARCH = YES;
				SDKROOT = iphoneos;
				SWIFT_ACTIVE_COMPILATION_CONDITIONS = "DEBUG $(inherited)";
				SWIFT_OPTIMIZATION_LEVEL = "-Onone";
				VALIDATE_PRODUCT = YES;
			};
			name = Debug;
		};
		195662DB2BC3833E0092B4E0 /* Release */ = {
			isa = XCBuildConfiguration;
			buildSettings = {
				ALWAYS_SEARCH_USER_PATHS = NO;
				ASSETCATALOG_COMPILER_GENERATE_SWIFT_ASSET_SYMBOL_EXTENSIONS = YES;
				CLANG_ANALYZER_NONNULL = YES;
				CLANG_ANALYZER_NUMBER_OBJECT_CONVERSION = YES_AGGRESSIVE;
				CLANG_CXX_LANGUAGE_STANDARD = "gnu++20";
				CLANG_ENABLE_MODULES = YES;
				CLANG_ENABLE_OBJC_ARC = YES;
				CLANG_ENABLE_OBJC_WEAK = YES;
				CLANG_WARN_BLOCK_CAPTURE_AUTORELEASING = YES;
				CLANG_WARN_BOOL_CONVERSION = YES;
				CLANG_WARN_COMMA = YES;
				CLANG_WARN_CONSTANT_CONVERSION = YES;
				CLANG_WARN_DEPRECATED_OBJC_IMPLEMENTATIONS = YES;
				CLANG_WARN_DIRECT_OBJC_ISA_USAGE = YES_ERROR;
				CLANG_WARN_DOCUMENTATION_COMMENTS = YES;
				CLANG_WARN_EMPTY_BODY = YES;
				CLANG_WARN_ENUM_CONVERSION = YES;
				CLANG_WARN_INFINITE_RECURSION = YES;
				CLANG_WARN_INT_CONVERSION = YES;
				CLANG_WARN_NON_LITERAL_NULL_CONVERSION = YES;
				CLANG_WARN_OBJC_IMPLICIT_RETAIN_SELF = YES;
				CLANG_WARN_OBJC_LITERAL_CONVERSION = YES;
				CLANG_WARN_OBJC_ROOT_CLASS = YES_ERROR;
				CLANG_WARN_QUOTED_INCLUDE_IN_FRAMEWORK_HEADER = YES;
				CLANG_WARN_RANGE_LOOP_ANALYSIS = YES;
				CLANG_WARN_STRICT_PROTOTYPES = YES;
				CLANG_WARN_SUSPICIOUS_MOVE = YES;
				CLANG_WARN_UNGUARDED_AVAILABILITY = YES_AGGRESSIVE;
				CLANG_WARN_UNREACHABLE_CODE = YES;
				CLANG_WARN__DUPLICATE_METHOD_MATCH = YES;
				COPY_PHASE_STRIP = NO;
				DEBUG_INFORMATION_FORMAT = "dwarf-with-dsym";
				ENABLE_NS_ASSERTIONS = NO;
				ENABLE_STRICT_OBJC_MSGSEND = YES;
				ENABLE_USER_SCRIPT_SANDBOXING = YES;
				EXCLUDED_ARCHS = arm64;
				GCC_C_LANGUAGE_STANDARD = gnu17;
				GCC_NO_COMMON_BLOCKS = YES;
				GCC_WARN_64_TO_32_BIT_CONVERSION = YES;
				GCC_WARN_ABOUT_RETURN_TYPE = YES_ERROR;
				GCC_WARN_UNDECLARED_SELECTOR = YES;
				GCC_WARN_UNINITIALIZED_AUTOS = YES_AGGRESSIVE;
				GCC_WARN_UNUSED_FUNCTION = YES;
				GCC_WARN_UNUSED_VARIABLE = YES;
				IPHONEOS_DEPLOYMENT_TARGET = 17.0;
				LOCALIZATION_PREFERS_STRING_CATALOGS = YES;
				MTL_ENABLE_DEBUG_INFO = NO;
				MTL_FAST_MATH = YES;
				ONLY_ACTIVE_ARCH = YES;
				SDKROOT = iphoneos;
				SWIFT_COMPILATION_MODE = wholemodule;
				VALIDATE_PRODUCT = YES;
			};
			name = Release;
		};
		195662DD2BC3833E0092B4E0 /* Debug */ = {
			isa = XCBuildConfiguration;
			baseConfigurationReference = 1996CE942BC3E39000BB6571 /* Config.xcconfig */;
			buildSettings = {
				ASSETCATALOG_COMPILER_APPICON_NAME = AppIcon;
				ASSETCATALOG_COMPILER_GLOBAL_ACCENT_COLOR_NAME = AccentColor;
				CODE_SIGN_STYLE = Automatic;
				CURRENT_PROJECT_VERSION = 1;
				EXCLUDED_ARCHS = "";
				FRAMEWORK_SEARCH_PATHS = (
					"$(inherited)",
					"$(PROJECT_DIR)/[iOS_SWIFT]TmapSDK_2.16\\ 2/개발",
					"$(PROJECT_DIR)/[iOS_SWIFT]TmapSDK_2.16\\ 2/개발",
					"$(PROJECT_DIR)/[iOS_SWIFT]TmapSDK_2.16/개발",
					"$(PROJECT_DIR)/[iOS_SWIFT]TmapSDK_2.16/배포",
					"$(PROJECT_DIR)/[iOS_SWIFT]TmapSDK_2.16/샘플/TMapSDKSample",
					"$(PROJECT_DIR)",
					"$(PROJECT_DIR)/BoongBoong",
				);
				GENERATE_INFOPLIST_FILE = YES;
				INFOPLIST_FILE = BoongBoong/Info.plist;
				INFOPLIST_KEY_LSApplicationCategoryType = "public.app-category.navigation";
				INFOPLIST_KEY_NSAppleMusicUsageDescription = "지도 정보를 위해 사용하는 동안 위치 정보를 받아오는 것을 허락하시겠습니까?";
				INFOPLIST_KEY_NSLocationWhenInUseUsageDescription = "앱을 사용하는 동안 사용자의 위치 정보에 접근하는 것을 허용하시겠습니까?";
				INFOPLIST_KEY_UIApplicationSupportsIndirectInputEvents = YES;
				INFOPLIST_KEY_UILaunchStoryboardName = LaunchScreen;
				INFOPLIST_KEY_UIMainStoryboardFile = Main;
				INFOPLIST_KEY_UISupportedInterfaceOrientations = UIInterfaceOrientationPortrait;
				INFOPLIST_KEY_UISupportedInterfaceOrientations_iPad = "UIInterfaceOrientationLandscapeLeft UIInterfaceOrientationLandscapeRight UIInterfaceOrientationPortrait UIInterfaceOrientationPortraitUpsideDown";
				IPHONEOS_DEPLOYMENT_TARGET = 17.0;
				LD_RUNPATH_SEARCH_PATHS = (
					"$(inherited)",
					"@executable_path/Frameworks",
				);
				MARKETING_VERSION = 1.0;
				PRODUCT_BUNDLE_IDENTIFIER = org.kibwa.sangsoo.BoongBoong;
				PRODUCT_NAME = "$(TARGET_NAME)";
				SUPPORTED_PLATFORMS = "iphoneos iphonesimulator";
				SUPPORTS_MACCATALYST = NO;
				SUPPORTS_MAC_DESIGNED_FOR_IPHONE_IPAD = NO;
				SUPPORTS_XR_DESIGNED_FOR_IPHONE_IPAD = NO;
				SWIFT_EMIT_LOC_STRINGS = YES;
				SWIFT_VERSION = 5.0;
				TARGETED_DEVICE_FAMILY = 1;
				VALIDATE_PRODUCT = YES;
			};
			name = Debug;
		};
		195662DE2BC3833E0092B4E0 /* Release */ = {
			isa = XCBuildConfiguration;
			baseConfigurationReference = 1996CE942BC3E39000BB6571 /* Config.xcconfig */;
			buildSettings = {
				ASSETCATALOG_COMPILER_APPICON_NAME = AppIcon;
				ASSETCATALOG_COMPILER_GLOBAL_ACCENT_COLOR_NAME = AccentColor;
				CODE_SIGN_STYLE = Automatic;
				CURRENT_PROJECT_VERSION = 1;
				EXCLUDED_ARCHS = "";
				FRAMEWORK_SEARCH_PATHS = (
					"$(inherited)",
					"$(PROJECT_DIR)/[iOS_SWIFT]TmapSDK_2.16\\ 2/개발",
					"$(PROJECT_DIR)/[iOS_SWIFT]TmapSDK_2.16\\ 2/개발",
					"$(PROJECT_DIR)/[iOS_SWIFT]TmapSDK_2.16/개발",
					"$(PROJECT_DIR)/[iOS_SWIFT]TmapSDK_2.16/배포",
					"$(PROJECT_DIR)/[iOS_SWIFT]TmapSDK_2.16/샘플/TMapSDKSample",
					"$(PROJECT_DIR)",
					"$(PROJECT_DIR)/BoongBoong",
				);
				GENERATE_INFOPLIST_FILE = YES;
				INFOPLIST_FILE = BoongBoong/Info.plist;
				INFOPLIST_KEY_LSApplicationCategoryType = "public.app-category.navigation";
				INFOPLIST_KEY_NSAppleMusicUsageDescription = "지도 정보를 위해 사용하는 동안 위치 정보를 받아오는 것을 허락하시겠습니까?";
				INFOPLIST_KEY_NSLocationWhenInUseUsageDescription = "앱을 사용하는 동안 사용자의 위치 정보에 접근하는 것을 허용하시겠습니까?";
				INFOPLIST_KEY_UIApplicationSupportsIndirectInputEvents = YES;
				INFOPLIST_KEY_UILaunchStoryboardName = LaunchScreen;
				INFOPLIST_KEY_UIMainStoryboardFile = Main;
				INFOPLIST_KEY_UISupportedInterfaceOrientations = UIInterfaceOrientationPortrait;
				INFOPLIST_KEY_UISupportedInterfaceOrientations_iPad = "UIInterfaceOrientationLandscapeLeft UIInterfaceOrientationLandscapeRight UIInterfaceOrientationPortrait UIInterfaceOrientationPortraitUpsideDown";
				IPHONEOS_DEPLOYMENT_TARGET = 17.0;
				LD_RUNPATH_SEARCH_PATHS = (
					"$(inherited)",
					"@executable_path/Frameworks",
				);
				MARKETING_VERSION = 1.0;
				PRODUCT_BUNDLE_IDENTIFIER = org.kibwa.sangsoo.BoongBoong;
				PRODUCT_NAME = "$(TARGET_NAME)";
				SUPPORTED_PLATFORMS = "iphoneos iphonesimulator";
				SUPPORTS_MACCATALYST = NO;
				SUPPORTS_MAC_DESIGNED_FOR_IPHONE_IPAD = NO;
				SUPPORTS_XR_DESIGNED_FOR_IPHONE_IPAD = NO;
				SWIFT_EMIT_LOC_STRINGS = YES;
				SWIFT_VERSION = 5.0;
				TARGETED_DEVICE_FAMILY = 1;
				VALIDATE_PRODUCT = YES;
			};
			name = Release;
		};
/* End XCBuildConfiguration section */

/* Begin XCConfigurationList section */
		195662C32BC3833C0092B4E0 /* Build configuration list for PBXProject "BoongBoong" */ = {
			isa = XCConfigurationList;
			buildConfigurations = (
				195662DA2BC3833E0092B4E0 /* Debug */,
				195662DB2BC3833E0092B4E0 /* Release */,
			);
			defaultConfigurationIsVisible = 0;
			defaultConfigurationName = Release;
		};
		195662DC2BC3833E0092B4E0 /* Build configuration list for PBXNativeTarget "BoongBoong" */ = {
			isa = XCConfigurationList;
			buildConfigurations = (
				195662DD2BC3833E0092B4E0 /* Debug */,
				195662DE2BC3833E0092B4E0 /* Release */,
			);
			defaultConfigurationIsVisible = 0;
			defaultConfigurationName = Release;
		};
/* End XCConfigurationList section */

/* Begin XCRemoteSwiftPackageReference section */
		1979BAC52BC3936B009D8269 /* XCRemoteSwiftPackageReference "Kingfisher" */ = {
			isa = XCRemoteSwiftPackageReference;
			repositoryURL = "https://github.com/onevcat/Kingfisher.git";
			requirement = {
				kind = upToNextMajorVersion;
				minimumVersion = 7.11.0;
			};
		};
		1979BAC82BC39373009D8269 /* XCRemoteSwiftPackageReference "Alamofire" */ = {
			isa = XCRemoteSwiftPackageReference;
			repositoryURL = "https://github.com/Alamofire/Alamofire.git";
			requirement = {
				kind = upToNextMajorVersion;
				minimumVersion = 5.9.1;
			};
		};
/* End XCRemoteSwiftPackageReference section */

/* Begin XCSwiftPackageProductDependency section */
		1979BAC62BC3936B009D8269 /* Kingfisher */ = {
			isa = XCSwiftPackageProductDependency;
			package = 1979BAC52BC3936B009D8269 /* XCRemoteSwiftPackageReference "Kingfisher" */;
			productName = Kingfisher;
		};
		1979BAC92BC39373009D8269 /* Alamofire */ = {
			isa = XCSwiftPackageProductDependency;
			package = 1979BAC82BC39373009D8269 /* XCRemoteSwiftPackageReference "Alamofire" */;
			productName = Alamofire;
		};
		1979BACB2BC39373009D8269 /* AlamofireDynamic */ = {
			isa = XCSwiftPackageProductDependency;
			package = 1979BAC82BC39373009D8269 /* XCRemoteSwiftPackageReference "Alamofire" */;
			productName = AlamofireDynamic;
		};
/* End XCSwiftPackageProductDependency section */
	};
	rootObject = 195662C02BC3833C0092B4E0 /* Project object */;
}
